
Microsoft Visual Studio Solution File, Format Version 11.00
# Visual Studio 2010
Project("{FAE04EC0-301F-11D3-BF4B-00C04F79EFBC}") = "AluminumLua.Net40", "AluminumLua.Net40\AluminumLua.Net40.csproj", "{BAFD1B0D-16E3-4B17-BCD7-53C5FE3B6AB7}"
EndProject
Project("{FAE04EC0-301F-11D3-BF4B-00C04F79EFBC}") = "AluminumLua.Tests", "AluminumLua.Tests\AluminumLua.Tests.csproj", "{C4E5CA60-0560-464B-B9A4-48F352ACC6F8}"
EndProject
Project("{FAE04EC0-301F-11D3-BF4B-00C04F79EFBC}") = "AluminumLua.Net35", "AluminumLua.Net35\AluminumLua.Net35.csproj", "{BAFD1B0D-16E3-4B17-BCD7-53C5FE4B6AB7}"
EndProject
Project("{2150E333-8FDC-42A3-9474-1A3956D46DE8}") = ".nuget", ".nuget", "{75FFDD76-0A3D-4E52-9129-B9E3E6A78D2C}"
	ProjectSection(SolutionItems) = preProject
		.nuget\packages.config = .nuget\packages.config
	EndProjectSection
EndProject
Global
	GlobalSection(SolutionConfigurationPlatforms) = preSolution
		Debug|Any CPU = Debug|Any CPU
		Debug|Mixed Platforms = Debug|Mixed Platforms
		Debug|x86 = Debug|x86
		Release|Any CPU = Release|Any CPU
		Release|Mixed Platforms = Release|Mixed Platforms
		Release|x86 = Release|x86
	EndGlobalSection
	GlobalSection(ProjectConfigurationPlatforms) = postSolution
		{BAFD1B0D-16E3-4B17-BCD7-53C5FE3B6AB7}.Debug|Any CPU.ActiveCfg = Debug|Any CPU
		{BAFD1B0D-16E3-4B17-BCD7-53C5FE3B6AB7}.Debug|Any CPU.Build.0 = Debug|Any CPU
		{BAFD1B0D-16E3-4B17-BCD7-53C5FE3B6AB7}.Debug|Mixed Platforms.ActiveCfg = Debug|Any CPU
		{BAFD1B0D-16E3-4B17-BCD7-53C5FE3B6AB7}.Debug|Mixed Platforms.Build.0 = Debug|Any CPU
		{BAFD1B0D-16E3-4B17-BCD7-53C5FE3B6AB7}.Debug|x86.ActiveCfg = Debug|Any CPU
		{BAFD1B0D-16E3-4B17-BCD7-53C5FE3B6AB7}.Release|Any CPU.ActiveCfg = Release|Any CPU
		{BAFD1B0D-16E3-4B17-BCD7-53C5FE3B6AB7}.Release|Any CPU.Build.0 = Release|Any CPU
		{BAFD1B0D-16E3-4B17-BCD7-53C5FE3B6AB7}.Release|Mixed Platforms.ActiveCfg = Release|Any CPU
		{BAFD1B0D-16E3-4B17-BCD7-53C5FE3B6AB7}.Release|Mixed Platforms.Build.0 = Release|Any CPU
		{BAFD1B0D-16E3-4B17-BCD7-53C5FE3B6AB7}.Release|x86.ActiveCfg = Release|Any CPU
		{C4E5CA60-0560-464B-B9A4-48F352ACC6F8}.Debug|Any CPU.ActiveCfg = Debug|x86
		{C4E5CA60-0560-464B-B9A4-48F352ACC6F8}.Debug|Mixed Platforms.ActiveCfg = Debug|x86
		{C4E5CA60-0560-464B-B9A4-48F352ACC6F8}.Debug|Mixed Platforms.Build.0 = Debug|x86
		{C4E5CA60-0560-464B-B9A4-48F352ACC6F8}.Debug|x86.ActiveCfg = Debug|x86
		{C4E5CA60-0560-464B-B9A4-48F352ACC6F8}.Debug|x86.Build.0 = Debug|x86
		{C4E5CA60-0560-464B-B9A4-48F352ACC6F8}.Release|Any CPU.ActiveCfg = Release|x86
		{C4E5CA60-0560-464B-B9A4-48F352ACC6F8}.Release|Mixed Platforms.ActiveCfg = Release|x86
		{C4E5CA60-0560-464B-B9A4-48F352ACC6F8}.Release|Mixed Platforms.Build.0 = Release|x86
		{C4E5CA60-0560-464B-B9A4-48F352ACC6F8}.Release|x86.ActiveCfg = Release|x86
		{C4E5CA60-0560-464B-B9A4-48F352ACC6F8}.Release|x86.Build.0 = Release|x86
		{BAFD1B0D-16E3-4B17-BCD7-53C5FE4B6AB7}.Debug|Any CPU.ActiveCfg = Debug|Any CPU
		{BAFD1B0D-16E3-4B17-BCD7-53C5FE4B6AB7}.Debug|Any CPU.Build.0 = Debug|Any CPU
		{BAFD1B0D-16E3-4B17-BCD7-53C5FE4B6AB7}.Debug|Mixed Platforms.ActiveCfg = Debug|Any CPU
		{BAFD1B0D-16E3-4B17-BCD7-53C5FE4B6AB7}.Debug|Mixed Platforms.Build.0 = Debug|Any CPU
		{BAFD1B0D-16E3-4B17-BCD7-53C5FE4B6AB7}.Debug|x86.ActiveCfg = Debug|Any CPU
		{BAFD1B0D-16E3-4B17-BCD7-53C5FE4B6AB7}.Release|Any CPU.ActiveCfg = Release|Any CPU
		{BAFD1B0D-16E3-4B17-BCD7-53C5FE4B6AB7}.Release|Any CPU.Build.0 = Release|Any CPU
		{BAFD1B0D-16E3-4B17-BCD7-53C5FE4B6AB7}.Release|Mixed Platforms.ActiveCfg = Release|Any CPU
		{BAFD1B0D-16E3-4B17-BCD7-53C5FE4B6AB7}.Release|Mixed Platforms.Build.0 = Release|Any CPU
		{BAFD1B0D-16E3-4B17-BCD7-53C5FE4B6AB7}.Release|x86.ActiveCfg = Release|Any CPU
	EndGlobalSection
	GlobalSection(SolutionProperties) = preSolution
		HideSolutionNode = FALSE
	EndGlobalSection
EndGlobal
